
Microsoft Visual Studio Solution File, Format Version 12.00
# Visual Studio Version 17
VisualStudioVersion = 17.0.31903.59
MinimumVisualStudioVersion = 10.0.40219.1
Project("{9A19103F-16F7-4668-BE54-9A1E7A4F7556}") = "1IntroduccionLINQ", "1IntroduccionLINQ\1IntroduccionLINQ.csproj", "{13D73BB9-19FF-4732-B021-D125C0966DE5}"
EndProject
Project("{9A19103F-16F7-4668-BE54-9A1E7A4F7556}") = "2Deferred_And_Immediate", "2Deferred_And_Immediate\2Deferred_And_Immediate.csproj", "{9263902E-BA0C-4EC2-9A56-0B7F84DAF488}"
EndProject
Project("{9A19103F-16F7-4668-BE54-9A1E7A4F7556}") = "3QueryFromMethods", "3QueryFromMethods\3QueryFromMethods.csproj", "{89335977-A127-42E6-877A-0CA7C9CFB8C4}"
EndProject
Project("{9A19103F-16F7-4668-BE54-9A1E7A4F7556}") = "4QueryWithClass", "4QueryWithClass\4QueryWithClass.csproj", "{D8FDFB0B-7BF2-452D-855C-C91470F8BED1}"
EndProject
Project("{9A19103F-16F7-4668-BE54-9A1E7A4F7556}") = "5TipsArrayList", "5TipsArrayList\5TipsArrayList.csproj", "{FB669F3E-6401-469C-8CE6-278BF7E68F5F}"
EndProject
Project("{9A19103F-16F7-4668-BE54-9A1E7A4F7556}") = "6BasicOperations", "6BasicOperations\6BasicOperations.csproj", "{A0A58584-1030-4460-810D-B33C40DB9BC0}"
EndProject
Project("{FAE04EC0-301F-11D3-BF4B-00C04F79EFBC}") = "7SetsOperations", "7SetsOperations\7SetsOperations.csproj", "{B6745820-7FA3-4C3C-8043-339F5309A1D5}"
EndProject
Global
	GlobalSection(SolutionConfigurationPlatforms) = preSolution
		Debug|Any CPU = Debug|Any CPU
		Release|Any CPU = Release|Any CPU
	EndGlobalSection
	GlobalSection(ProjectConfigurationPlatforms) = postSolution
		{13D73BB9-19FF-4732-B021-D125C0966DE5}.Debug|Any CPU.ActiveCfg = Debug|Any CPU
		{13D73BB9-19FF-4732-B021-D125C0966DE5}.Debug|Any CPU.Build.0 = Debug|Any CPU
		{13D73BB9-19FF-4732-B021-D125C0966DE5}.Release|Any CPU.ActiveCfg = Release|Any CPU
		{13D73BB9-19FF-4732-B021-D125C0966DE5}.Release|Any CPU.Build.0 = Release|Any CPU
		{9263902E-BA0C-4EC2-9A56-0B7F84DAF488}.Debug|Any CPU.ActiveCfg = Debug|Any CPU
		{9263902E-BA0C-4EC2-9A56-0B7F84DAF488}.Debug|Any CPU.Build.0 = Debug|Any CPU
		{9263902E-BA0C-4EC2-9A56-0B7F84DAF488}.Release|Any CPU.ActiveCfg = Release|Any CPU
		{9263902E-BA0C-4EC2-9A56-0B7F84DAF488}.Release|Any CPU.Build.0 = Release|Any CPU
		{89335977-A127-42E6-877A-0CA7C9CFB8C4}.Debug|Any CPU.ActiveCfg = Debug|Any CPU
		{89335977-A127-42E6-877A-0CA7C9CFB8C4}.Debug|Any CPU.Build.0 = Debug|Any CPU
		{89335977-A127-42E6-877A-0CA7C9CFB8C4}.Release|Any CPU.ActiveCfg = Release|Any CPU
		{89335977-A127-42E6-877A-0CA7C9CFB8C4}.Release|Any CPU.Build.0 = Release|Any CPU
		{D8FDFB0B-7BF2-452D-855C-C91470F8BED1}.Debug|Any CPU.ActiveCfg = Debug|Any CPU
		{D8FDFB0B-7BF2-452D-855C-C91470F8BED1}.Debug|Any CPU.Build.0 = Debug|Any CPU
		{D8FDFB0B-7BF2-452D-855C-C91470F8BED1}.Release|Any CPU.ActiveCfg = Release|Any CPU
		{D8FDFB0B-7BF2-452D-855C-C91470F8BED1}.Release|Any CPU.Build.0 = Release|Any CPU
		{FB669F3E-6401-469C-8CE6-278BF7E68F5F}.Debug|Any CPU.ActiveCfg = Debug|Any CPU
		{FB669F3E-6401-469C-8CE6-278BF7E68F5F}.Debug|Any CPU.Build.0 = Debug|Any CPU
		{FB669F3E-6401-469C-8CE6-278BF7E68F5F}.Release|Any CPU.ActiveCfg = Release|Any CPU
		{FB669F3E-6401-469C-8CE6-278BF7E68F5F}.Release|Any CPU.Build.0 = Release|Any CPU
		{A0A58584-1030-4460-810D-B33C40DB9BC0}.Debug|Any CPU.ActiveCfg = Debug|Any CPU
		{A0A58584-1030-4460-810D-B33C40DB9BC0}.Debug|Any CPU.Build.0 = Debug|Any CPU
		{A0A58584-1030-4460-810D-B33C40DB9BC0}.Release|Any CPU.ActiveCfg = Release|Any CPU
		{A0A58584-1030-4460-810D-B33C40DB9BC0}.Release|Any CPU.Build.0 = Release|Any CPU
		{B6745820-7FA3-4C3C-8043-339F5309A1D5}.Debug|Any CPU.ActiveCfg = Debug|Any CPU
		{B6745820-7FA3-4C3C-8043-339F5309A1D5}.Debug|Any CPU.Build.0 = Debug|Any CPU
		{B6745820-7FA3-4C3C-8043-339F5309A1D5}.Release|Any CPU.ActiveCfg = Release|Any CPU
		{B6745820-7FA3-4C3C-8043-339F5309A1D5}.Release|Any CPU.Build.0 = Release|Any CPU
	EndGlobalSection
	GlobalSection(SolutionProperties) = preSolution
		HideSolutionNode = FALSE
	EndGlobalSection
	GlobalSection(ExtensibilityGlobals) = postSolution
		SolutionGuid = {29917655-CD49-4E28-8DEF-A31F347B69AF}
	EndGlobalSection
EndGlobal
